// !$*UTF8*$!
{
	archiveVersion = 1;
	classes = {
	};
	objectVersion = 56;
	objects = {

/* Begin PBXBuildFile section */
		05B39AD61D8377C74113F05C /* BreakExercise.swift in Sources */ = {isa = PBXBuildFile; fileRef = 54B4CD4745E9B85968858E35 /* BreakExercise.swift */; };
		12A26B166B7B4F4B50F76BB0 /* StudySession.swift in Sources */ = {isa = PBXBuildFile; fileRef = 0F437C8ADD353EE04FE086F8 /* StudySession.swift */; };
		24FC58C6476EFFC026D22947 /* FocusSample.swift in Sources */ = {isa = PBXBuildFile; fileRef = C44042E43714C4527CE79F26 /* FocusSample.swift */; };
		251A17E216BB59EC0AFE5BF4 /* CameraPreviewView.swift in Sources */ = {isa = PBXBuildFile; fileRef = 03F3458890067097EE0AAF3C /* CameraPreviewView.swift */; };
		25CAAC6413061F9A66B823DD /* CameraManager.swift in Sources */ = {isa = PBXBuildFile; fileRef = 7498A904BD8E95F4849CAA72 /* CameraManager.swift */; };
		714B4D1E1731FE700C733738 /* PostureDetector.swift in Sources */ = {isa = PBXBuildFile; fileRef = 7ACCF193878B39810B88AAA2 /* PostureDetector.swift */; };
		74263F2C48CDF716CE1E8AD6 /* PostureManager.swift in Sources */ = {isa = PBXBuildFile; fileRef = BC61643B39D4585B5330A5A0 /* PostureManager.swift */; };
		C7E934C252ACA0265B381984 /* FocusDetector.swift in Sources */ = {isa = PBXBuildFile; fileRef = 72100A898E3DD23F425C3196 /* FocusDetector.swift */; };
		82A707156A95AFA259E79E59 /* FocusManager.swift in Sources */ = {isa = PBXBuildFile; fileRef = 1957106DA103537804C9694A /* FocusManager.swift */; };
		02BCF6E2F86D522F58CC5E64 /* VoiceAlertService.swift in Sources */ = {isa = PBXBuildFile; fileRef = 5BF5E28D4C88A9152DBCA152 /* VoiceAlertService.swift */; };
		AD14026CF98C778B28812E75 /* AuthService.swift in Sources */ = {isa = PBXBuildFile; fileRef = 2408FC9CFB325E70A99F2997 /* AuthService.swift */; };
		FC023F1AB6E6916C0E040B6C /* FirebaseService.swift in Sources */ = {isa = PBXBuildFile; fileRef = 9479033F5E033C59C81102A2 /* FirebaseService.swift */; };
		E8210928A8316299378E9080 /* LoginView.swift in Sources */ = {isa = PBXBuildFile; fileRef = CB7E9EC6C7F33D26C13A2BEB /* LoginView.swift */; };
		E716523AB80EBDC9A0813137 /* RegisterView.swift in Sources */ = {isa = PBXBuildFile; fileRef = E850376B4D3D52E9FD36762E /* RegisterView.swift */; };
		56B9FEE5BD5D3A22F3256872 /* HomeView.swift in Sources */ = {isa = PBXBuildFile; fileRef = 34B3C268599315F7A5B9CD1B /* HomeView.swift */; };
		9EF4CFFE83D685DC55192451 /* SessionResult.swift in Sources */ = {isa = PBXBuildFile; fileRef = B9D4A9C06C2F2D2824D0A01C /* SessionResult.swift */; };
		C36CC7B60FA8DF14C7DF14EB /* GroqService.swift in Sources */ = {isa = PBXBuildFile; fileRef = 1CE882BF5DD03D1AB989492F /* GroqService.swift */; };
		2F65833EACF864312E16FF4B /* ExerciseAPIService.swift in Sources */ = {isa = PBXBuildFile; fileRef = C18C1D8C55973288D40C27E4 /* ExerciseAPIService.swift */; };
		624C447065E100043973367E /* SessionSummaryView.swift in Sources */ = {isa = PBXBuildFile; fileRef = 4DF388926821FD76A1E00D17 /* SessionSummaryView.swift */; };
		03394CF303543D04757ABF03 /* ExerciseCardView.swift in Sources */ = {isa = PBXBuildFile; fileRef = 79341EF9E2A1A7A72D484D7F /* ExerciseCardView.swift */; };
		B4AAB42CBDE584FD7B8A8C4A /* BreakChatView.swift in Sources */ = {isa = PBXBuildFile; fileRef = 306FF293E9E36510B62CC198 /* BreakChatView.swift */; };
		CC1B5726E6F197331006766B /* BreakView.swift in Sources */ = {isa = PBXBuildFile; fileRef = B14ECDC28018882D83468EA6 /* BreakView.swift */; };
		449AF1AFE2E8D53CA874EF0C /* SessionManager.swift in Sources */ = {isa = PBXBuildFile; fileRef = 2B5EE283BD514B38F1254144 /* SessionManager.swift */; };
		E0B8547DFB1771704F630AF5 /* PreSessionSetupView.swift in Sources */ = {isa = PBXBuildFile; fileRef = 8E8FCDA7BDE8DCA2D15D1338 /* PreSessionSetupView.swift */; };
		92CC313D40574169944AFAF4 /* FocusScoreView.swift in Sources */ = {isa = PBXBuildFile; fileRef = 154BFD4AE1253807E746798C /* FocusScoreView.swift */; };
		90894B41219019886F59FEBF /* User.swift in Sources */ = {isa = PBXBuildFile; fileRef = BD3E8F4C1A3BBBE0F8F6467A /* User.swift */; };
		9CB8DACB80A30E15270F1844 /* SessionView.swift in Sources */ = {isa = PBXBuildFile; fileRef = 48097BE89943C1AD9CEA4728 /* SessionView.swift */; };
		D2B8D537E88A17B00E74B98A /* PostureEvent.swift in Sources */ = {isa = PBXBuildFile; fileRef = E55B677CC2BD5120BA4D98B6 /* PostureEvent.swift */; };
		EB7CDA2A2FDC265200DE8E7E /* StudyGuardApp.swift in Sources */ = {isa = PBXBuildFile; fileRef = EB7CDA292FDC265200DE8E7E /* StudyGuardApp.swift */; };
		EB7CDA2C2FDC265200DE8E7E /* ContentView.swift in Sources */ = {isa = PBXBuildFile; fileRef = EB7CDA2B2FDC265200DE8E7E /* ContentView.swift */; };
		EB7CDA2E2FDC265400DE8E7E /* Assets.xcassets in Resources */ = {isa = PBXBuildFile; fileRef = EB7CDA2D2FDC265400DE8E7E /* Assets.xcassets */; };
		EB7CDA312FDC265400DE8E7E /* Preview Assets.xcassets in Resources */ = {isa = PBXBuildFile; fileRef = EB7CDA302FDC265400DE8E7E /* Preview Assets.xcassets */; };
		EB7CDA3B2FDC265400DE8E7E /* StudyGuardTests.swift in Sources */ = {isa = PBXBuildFile; fileRef = EB7CDA3A2FDC265400DE8E7E /* StudyGuardTests.swift */; };
		EB7CDA452FDC265400DE8E7E /* StudyGuardUITests.swift in Sources */ = {isa = PBXBuildFile; fileRef = EB7CDA442FDC265400DE8E7E /* StudyGuardUITests.swift */; };
		EB7CDA472FDC265400DE8E7E /* StudyGuardUITestsLaunchTests.swift in Sources */ = {isa = PBXBuildFile; fileRef = EB7CDA462FDC265400DE8E7E /* StudyGuardUITestsLaunchTests.swift */; };
		EB7CDA552FDC2C0800DE8E7E /* PostureClassifier.mlmodel in Sources */ = {isa = PBXBuildFile; fileRef = EB7CDA542FDC2C0700DE8E7E /* PostureClassifier.mlmodel */; };
		EB7CDA572FDC3A4900DE8E7E /* GoogleService-Info.plist in Resources */ = {isa = PBXBuildFile; fileRef = EB7CDA562FDC3A4800DE8E7E /* GoogleService-Info.plist */; };
		FB206FDB33ADB71A2FD838AA /* Secrets.plist in Resources */ = {isa = PBXBuildFile; fileRef = 65FAE598CB62D92A0685A019 /* Secrets.plist */; };
		EB7CDA5A2FDC3B3500DE8E7E /* FirebaseAuth in Frameworks */ = {isa = PBXBuildFile; productRef = EB7CDA592FDC3B3500DE8E7E /* FirebaseAuth */; };
		EB7CDA5C2FDC3B3500DE8E7E /* FirebaseFirestore in Frameworks */ = {isa = PBXBuildFile; productRef = EB7CDA5B2FDC3B3500DE8E7E /* FirebaseFirestore */; };
		EB7CDA5F2FDC3B8000DE8E7E /* GoogleSignIn in Frameworks */ = {isa = PBXBuildFile; productRef = EB7CDA5E2FDC3B8000DE8E7E /* GoogleSignIn */; };
		EB7CDA612FDC3B8000DE8E7E /* GoogleSignInSwift in Frameworks */ = {isa = PBXBuildFile; productRef = EB7CDA602FDC3B8000DE8E7E /* GoogleSignInSwift */; };
		F80F55EA67572ED28171ACCD /* FocusEvent.swift in Sources */ = {isa = PBXBuildFile; fileRef = 417E456639E0067855E42D2A /* FocusEvent.swift */; };
/* End PBXBuildFile section */

/* Begin PBXContainerItemProxy section */
		EB7CDA372FDC265400DE8E7E /* PBXContainerItemProxy */ = {
			isa = PBXContainerItemProxy;
			containerPortal = EB7CDA1E2FDC265100DE8E7E /* Project object */;
			proxyType = 1;
			remoteGlobalIDString = EB7CDA252FDC265100DE8E7E;
			remoteInfo = StudyGuard;
		};
		EB7CDA412FDC265400DE8E7E /* PBXContainerItemProxy */ = {
			isa = PBXContainerItemProxy;
			containerPortal = EB7CDA1E2FDC265100DE8E7E /* Project object */;
			proxyType = 1;
			remoteGlobalIDString = EB7CDA252FDC265100DE8E7E;
			remoteInfo = StudyGuard;
		};
/* End PBXContainerItemProxy section */

/* Begin PBXFileReference section */
		03F3458890067097EE0AAF3C /* CameraPreviewView.swift */ = {isa = PBXFileReference; lastKnownFileType = sourcecode.swift; path = CameraPreviewView.swift; sourceTree = "<group>"; };
		0F437C8ADD353EE04FE086F8 /* StudySession.swift */ = {isa = PBXFileReference; lastKnownFileType = sourcecode.swift; path = StudySession.swift; sourceTree = "<group>"; };
		417E456639E0067855E42D2A /* FocusEvent.swift */ = {isa = PBXFileReference; lastKnownFileType = sourcecode.swift; path = FocusEvent.swift; sourceTree = "<group>"; };
		48097BE89943C1AD9CEA4728 /* SessionView.swift */ = {isa = PBXFileReference; lastKnownFileType = sourcecode.swift; path = SessionView.swift; sourceTree = "<group>"; };
		54B4CD4745E9B85968858E35 /* BreakExercise.swift */ = {isa = PBXFileReference; lastKnownFileType = sourcecode.swift; path = BreakExercise.swift; sourceTree = "<group>"; };
		7498A904BD8E95F4849CAA72 /* CameraManager.swift */ = {isa = PBXFileReference; lastKnownFileType = sourcecode.swift; path = CameraManager.swift; sourceTree = "<group>"; };
		7ACCF193878B39810B88AAA2 /* PostureDetector.swift */ = {isa = PBXFileReference; lastKnownFileType = sourcecode.swift; path = PostureDetector.swift; sourceTree = "<group>"; };
		BC61643B39D4585B5330A5A0 /* PostureManager.swift */ = {isa = PBXFileReference; lastKnownFileType = sourcecode.swift; path = PostureManager.swift; sourceTree = "<group>"; };
		72100A898E3DD23F425C3196 /* FocusDetector.swift */ = {isa = PBXFileReference; lastKnownFileType = sourcecode.swift; path = FocusDetector.swift; sourceTree = "<group>"; };
		1957106DA103537804C9694A /* FocusManager.swift */ = {isa = PBXFileReference; lastKnownFileType = sourcecode.swift; path = FocusManager.swift; sourceTree = "<group>"; };
		5BF5E28D4C88A9152DBCA152 /* VoiceAlertService.swift */ = {isa = PBXFileReference; lastKnownFileType = sourcecode.swift; path = VoiceAlertService.swift; sourceTree = "<group>"; };
		2408FC9CFB325E70A99F2997 /* AuthService.swift */ = {isa = PBXFileReference; lastKnownFileType = sourcecode.swift; path = AuthService.swift; sourceTree = "<group>"; };
		9479033F5E033C59C81102A2 /* FirebaseService.swift */ = {isa = PBXFileReference; lastKnownFileType = sourcecode.swift; path = FirebaseService.swift; sourceTree = "<group>"; };
		CB7E9EC6C7F33D26C13A2BEB /* LoginView.swift */ = {isa = PBXFileReference; lastKnownFileType = sourcecode.swift; path = LoginView.swift; sourceTree = "<group>"; };
		E850376B4D3D52E9FD36762E /* RegisterView.swift */ = {isa = PBXFileReference; lastKnownFileType = sourcecode.swift; path = RegisterView.swift; sourceTree = "<group>"; };
		34B3C268599315F7A5B9CD1B /* HomeView.swift */ = {isa = PBXFileReference; lastKnownFileType = sourcecode.swift; path = HomeView.swift; sourceTree = "<group>"; };
		B9D4A9C06C2F2D2824D0A01C /* SessionResult.swift */ = {isa = PBXFileReference; lastKnownFileType = sourcecode.swift; path = SessionResult.swift; sourceTree = "<group>"; };
		1CE882BF5DD03D1AB989492F /* GroqService.swift */ = {isa = PBXFileReference; lastKnownFileType = sourcecode.swift; path = GroqService.swift; sourceTree = "<group>"; };
		C18C1D8C55973288D40C27E4 /* ExerciseAPIService.swift */ = {isa = PBXFileReference; lastKnownFileType = sourcecode.swift; path = ExerciseAPIService.swift; sourceTree = "<group>"; };
		4DF388926821FD76A1E00D17 /* SessionSummaryView.swift */ = {isa = PBXFileReference; lastKnownFileType = sourcecode.swift; path = SessionSummaryView.swift; sourceTree = "<group>"; };
		79341EF9E2A1A7A72D484D7F /* ExerciseCardView.swift */ = {isa = PBXFileReference; lastKnownFileType = sourcecode.swift; path = ExerciseCardView.swift; sourceTree = "<group>"; };
		306FF293E9E36510B62CC198 /* BreakChatView.swift */ = {isa = PBXFileReference; lastKnownFileType = sourcecode.swift; path = BreakChatView.swift; sourceTree = "<group>"; };
		B14ECDC28018882D83468EA6 /* BreakView.swift */ = {isa = PBXFileReference; lastKnownFileType = sourcecode.swift; path = BreakView.swift; sourceTree = "<group>"; };
		2B5EE283BD514B38F1254144 /* SessionManager.swift */ = {isa = PBXFileReference; lastKnownFileType = sourcecode.swift; path = SessionManager.swift; sourceTree = "<group>"; };
		8E8FCDA7BDE8DCA2D15D1338 /* PreSessionSetupView.swift */ = {isa = PBXFileReference; lastKnownFileType = sourcecode.swift; path = PreSessionSetupView.swift; sourceTree = "<group>"; };
		154BFD4AE1253807E746798C /* FocusScoreView.swift */ = {isa = PBXFileReference; lastKnownFileType = sourcecode.swift; path = FocusScoreView.swift; sourceTree = "<group>"; };
		BD3E8F4C1A3BBBE0F8F6467A /* User.swift */ = {isa = PBXFileReference; lastKnownFileType = sourcecode.swift; path = User.swift; sourceTree = "<group>"; };
		C44042E43714C4527CE79F26 /* FocusSample.swift */ = {isa = PBXFileReference; lastKnownFileType = sourcecode.swift; path = FocusSample.swift; sourceTree = "<group>"; };
		E55B677CC2BD5120BA4D98B6 /* PostureEvent.swift */ = {isa = PBXFileReference; lastKnownFileType = sourcecode.swift; path = PostureEvent.swift; sourceTree = "<group>"; };
		EB7CDA262FDC265200DE8E7E /* StudyGuard.app */ = {isa = PBXFileReference; explicitFileType = wrapper.application; includeInIndex = 0; path = StudyGuard.app; sourceTree = BUILT_PRODUCTS_DIR; };
		EB7CDA292FDC265200DE8E7E /* StudyGuardApp.swift */ = {isa = PBXFileReference; lastKnownFileType = sourcecode.swift; path = StudyGuardApp.swift; sourceTree = "<group>"; };
		EB7CDA2B2FDC265200DE8E7E /* ContentView.swift */ = {isa = PBXFileReference; lastKnownFileType = sourcecode.swift; path = ContentView.swift; sourceTree = "<group>"; };
		EB7CDA2D2FDC265400DE8E7E /* Assets.xcassets */ = {isa = PBXFileReference; lastKnownFileType = folder.assetcatalog; path = Assets.xcassets; sourceTree = "<group>"; };
		EB7CDA302FDC265400DE8E7E /* Preview Assets.xcassets */ = {isa = PBXFileReference; lastKnownFileType = folder.assetcatalog; path = "Preview Assets.xcassets"; sourceTree = "<group>"; };
		EB7CDA362FDC265400DE8E7E /* StudyGuardTests.xctest */ = {isa = PBXFileReference; explicitFileType = wrapper.cfbundle; includeInIndex = 0; path = StudyGuardTests.xctest; sourceTree = BUILT_PRODUCTS_DIR; };
		EB7CDA3A2FDC265400DE8E7E /* StudyGuardTests.swift */ = {isa = PBXFileReference; lastKnownFileType = sourcecode.swift; path = StudyGuardTests.swift; sourceTree = "<group>"; };
		EB7CDA402FDC265400DE8E7E /* StudyGuardUITests.xctest */ = {isa = PBXFileReference; explicitFileType = wrapper.cfbundle; includeInIndex = 0; path = StudyGuardUITests.xctest; sourceTree = BUILT_PRODUCTS_DIR; };
		EB7CDA442FDC265400DE8E7E /* StudyGuardUITests.swift */ = {isa = PBXFileReference; lastKnownFileType = sourcecode.swift; path = StudyGuardUITests.swift; sourceTree = "<group>"; };
		EB7CDA462FDC265400DE8E7E /* StudyGuardUITestsLaunchTests.swift */ = {isa = PBXFileReference; lastKnownFileType = sourcecode.swift; path = StudyGuardUITestsLaunchTests.swift; sourceTree = "<group>"; };
		EB7CDA542FDC2C0700DE8E7E /* PostureClassifier.mlmodel */ = {isa = PBXFileReference; lastKnownFileType = file.mlmodel; path = PostureClassifier.mlmodel; sourceTree = "<group>"; };
		EB7CDA562FDC3A4800DE8E7E /* GoogleService-Info.plist */ = {isa = PBXFileReference; fileEncoding = 4; lastKnownFileType = text.plist.xml; path = "GoogleService-Info.plist"; sourceTree = "<group>"; };
		65FAE598CB62D92A0685A019 /* Secrets.plist */ = {isa = PBXFileReference; fileEncoding = 4; lastKnownFileType = text.plist.xml; path = Secrets.plist; sourceTree = "<group>"; };
/* End PBXFileReference section */

/* Begin PBXFrameworksBuildPhase section */
		EB7CDA232FDC265100DE8E7E /* Frameworks */ = {
			isa = PBXFrameworksBuildPhase;
			buildActionMask = 2147483647;
			files = (
				EB7CDA5A2FDC3B3500DE8E7E /* FirebaseAuth in Frameworks */,
				EB7CDA5C2FDC3B3500DE8E7E /* FirebaseFirestore in Frameworks */,
				EB7CDA5F2FDC3B8000DE8E7E /* GoogleSignIn in Frameworks */,
				EB7CDA612FDC3B8000DE8E7E /* GoogleSignInSwift in Frameworks */,
			);
			runOnlyForDeploymentPostprocessing = 0;
		};
		EB7CDA332FDC265400DE8E7E /* Frameworks */ = {
			isa = PBXFrameworksBuildPhase;
			buildActionMask = 2147483647;
			files = (
			);
			runOnlyForDeploymentPostprocessing = 0;
		};
		EB7CDA3D2FDC265400DE8E7E /* Frameworks */ = {
			isa = PBXFrameworksBuildPhase;
			buildActionMask = 2147483647;
			files = (
			);
			runOnlyForDeploymentPostprocessing = 0;
		};
/* End PBXFrameworksBuildPhase section */

/* Begin PBXGroup section */
		081C7D47D0DBA71E4A1A2CAF /* Models */ = {
			isa = PBXGroup;
			children = (
				BD3E8F4C1A3BBBE0F8F6467A /* User.swift */,
				0F437C8ADD353EE04FE086F8 /* StudySession.swift */,
				E55B677CC2BD5120BA4D98B6 /* PostureEvent.swift */,
				417E456639E0067855E42D2A /* FocusEvent.swift */,
				C44042E43714C4527CE79F26 /* FocusSample.swift */,
				54B4CD4745E9B85968858E35 /* BreakExercise.swift */,
				B9D4A9C06C2F2D2824D0A01C /* SessionResult.swift */,
			);
			path = Models;
			sourceTree = "<group>";
		};
		553131CC809EB3D33CAD9373 /* Features */ = {
			isa = PBXGroup;
			children = (
				AB855EB5DCAB682519ABE4E1 /* Auth */,
				7F7FEEA92E6E3DC85C2C5C99 /* Break */,
				D53BA29BC67F97D13311D471 /* Home */,
				61484D0E4BAAC449C79AB861 /* PreSession */,
				846FFA1773787F5E8E6AEB1F /* Session */,
			);
			path = Features;
			sourceTree = "<group>";
		};
		651A7B142220C9DFE7C6CDDB /* Managers */ = {
			isa = PBXGroup;
			children = (
				BC61643B39D4585B5330A5A0 /* PostureManager.swift */,
				1957106DA103537804C9694A /* FocusManager.swift */,
				2B5EE283BD514B38F1254144 /* SessionManager.swift */,
			);
			path = Managers;
			sourceTree = "<group>";
		};
		846FFA1773787F5E8E6AEB1F /* Session */ = {
			isa = PBXGroup;
			children = (
				48097BE89943C1AD9CEA4728 /* SessionView.swift */,
				154BFD4AE1253807E746798C /* FocusScoreView.swift */,
				4DF388926821FD76A1E00D17 /* SessionSummaryView.swift */,
			);
			path = Session;
			sourceTree = "<group>";
		};
		C96A1B6281A8E757BD4D3BFC /* Vision */ = {
			isa = PBXGroup;
			children = (
				7498A904BD8E95F4849CAA72 /* CameraManager.swift */,
				7ACCF193878B39810B88AAA2 /* PostureDetector.swift */,
				03F3458890067097EE0AAF3C /* CameraPreviewView.swift */,
				72100A898E3DD23F425C3196 /* FocusDetector.swift */,
			);
			path = Vision;
			sourceTree = "<group>";
		};
		EB7CDA1D2FDC265100DE8E7E = {
			isa = PBXGroup;
			children = (
				EB7CDA562FDC3A4800DE8E7E /* GoogleService-Info.plist */,
				EB7CDA532FDC2C0700DE8E7E /* ML */,
				EB7CDA282FDC265200DE8E7E /* StudyGuard */,
				EB7CDA392FDC265400DE8E7E /* StudyGuardTests */,
				EB7CDA432FDC265400DE8E7E /* StudyGuardUITests */,
				EB7CDA272FDC265200DE8E7E /* Products */,
			);
			sourceTree = "<group>";
		};
		EB7CDA272FDC265200DE8E7E /* Products */ = {
			isa = PBXGroup;
			children = (
				EB7CDA262FDC265200DE8E7E /* StudyGuard.app */,
				EB7CDA362FDC265400DE8E7E /* StudyGuardTests.xctest */,
				EB7CDA402FDC265400DE8E7E /* StudyGuardUITests.xctest */,
			);
			name = Products;
			sourceTree = "<group>";
		};
		EB7CDA282FDC265200DE8E7E /* StudyGuard */ = {
			isa = PBXGroup;
			children = (
				EB7CDA292FDC265200DE8E7E /* StudyGuardApp.swift */,
				EB7CDA2B2FDC265200DE8E7E /* ContentView.swift */,
				FE9422A027A0496895788CFC /* Core */,
				C96A1B6281A8E757BD4D3BFC /* Vision */,
				553131CC809EB3D33CAD9373 /* Features */,
				65FAE598CB62D92A0685A019 /* Secrets.plist */,
				EB7CDA2D2FDC265400DE8E7E /* Assets.xcassets */,
				EB7CDA2F2FDC265400DE8E7E /* Preview Content */,
			);
			path = StudyGuard;
			sourceTree = "<group>";
		};
		EB7CDA2F2FDC265400DE8E7E /* Preview Content */ = {
			isa = PBXGroup;
			children = (
				EB7CDA302FDC265400DE8E7E /* Preview Assets.xcassets */,
			);
			path = "Preview Content";
			sourceTree = "<group>";
		};
		EB7CDA392FDC265400DE8E7E /* StudyGuardTests */ = {
			isa = PBXGroup;
			children = (
				EB7CDA3A2FDC265400DE8E7E /* StudyGuardTests.swift */,
			);
			path = StudyGuardTests;
			sourceTree = "<group>";
		};
		EB7CDA432FDC265400DE8E7E /* StudyGuardUITests */ = {
			isa = PBXGroup;
			children = (
				EB7CDA442FDC265400DE8E7E /* StudyGuardUITests.swift */,
				EB7CDA462FDC265400DE8E7E /* StudyGuardUITestsLaunchTests.swift */,
			);
			path = StudyGuardUITests;
			sourceTree = "<group>";
		};
		EB7CDA532FDC2C0700DE8E7E /* ML */ = {
			isa = PBXGroup;
			children = (
				EB7CDA542FDC2C0700DE8E7E /* PostureClassifier.mlmodel */,
			);
			path = ML;
			sourceTree = "<group>";
		};
		FE9422A027A0496895788CFC /* Core */ = {
			isa = PBXGroup;
			children = (
				081C7D47D0DBA71E4A1A2CAF /* Models */,
				651A7B142220C9DFE7C6CDDB /* Managers */,
				AFEB169F0C920BF1949331F0 /* Services */,
			);
			path = Core;
			sourceTree = "<group>";
		};
		AFEB169F0C920BF1949331F0 /* Services */ = {
			isa = PBXGroup;
			children = (
				2408FC9CFB325E70A99F2997 /* AuthService.swift */,
				9479033F5E033C59C81102A2 /* FirebaseService.swift */,
				5BF5E28D4C88A9152DBCA152 /* VoiceAlertService.swift */,
				1CE882BF5DD03D1AB989492F /* GroqService.swift */,
				C18C1D8C55973288D40C27E4 /* ExerciseAPIService.swift */,
			);
			path = Services;
			sourceTree = "<group>";
		};
		AB855EB5DCAB682519ABE4E1 /* Auth */ = {
			isa = PBXGroup;
			children = (
				CB7E9EC6C7F33D26C13A2BEB /* LoginView.swift */,
				E850376B4D3D52E9FD36762E /* RegisterView.swift */,
			);
			path = Auth;
			sourceTree = "<group>";
		};
		7F7FEEA92E6E3DC85C2C5C99 /* Break */ = {
			isa = PBXGroup;
			children = (
				B14ECDC28018882D83468EA6 /* BreakView.swift */,
				79341EF9E2A1A7A72D484D7F /* ExerciseCardView.swift */,
				306FF293E9E36510B62CC198 /* BreakChatView.swift */,
			);
			path = Break;
			sourceTree = "<group>";
		};
		D53BA29BC67F97D13311D471 /* Home */ = {
			isa = PBXGroup;
			children = (
				34B3C268599315F7A5B9CD1B /* HomeView.swift */,
			);
			path = Home;
			sourceTree = "<group>";
		};
		61484D0E4BAAC449C79AB861 /* PreSession */ = {
			isa = PBXGroup;
			children = (
				8E8FCDA7BDE8DCA2D15D1338 /* PreSessionSetupView.swift */,
			);
			path = PreSession;
			sourceTree = "<group>";
		};
/* End PBXGroup section */

/* Begin PBXNativeTarget section */
		EB7CDA252FDC265100DE8E7E /* StudyGuard */ = {
			isa = PBXNativeTarget;
			buildConfigurationList = EB7CDA4A2FDC265400DE8E7E /* Build configuration list for PBXNativeTarget "StudyGuard" */;
			buildPhases = (
				EB7CDA222FDC265100DE8E7E /* Sources */,
				EB7CDA232FDC265100DE8E7E /* Frameworks */,
				EB7CDA242FDC265100DE8E7E /* Resources */,
			);
			buildRules = (
			);
			dependencies = (
			);
			name = StudyGuard;
			packageProductDependencies = (
				EB7CDA592FDC3B3500DE8E7E /* FirebaseAuth */,
				EB7CDA5B2FDC3B3500DE8E7E /* FirebaseFirestore */,
				EB7CDA5E2FDC3B8000DE8E7E /* GoogleSignIn */,
				EB7CDA602FDC3B8000DE8E7E /* GoogleSignInSwift */,
			);
			productName = StudyGuard;
			productReference = EB7CDA262FDC265200DE8E7E /* StudyGuard.app */;
			productType = "com.apple.product-type.application";
		};
		EB7CDA352FDC265400DE8E7E /* StudyGuardTests */ = {
			isa = PBXNativeTarget;
			buildConfigurationList = EB7CDA4D2FDC265400DE8E7E /* Build configuration list for PBXNativeTarget "StudyGuardTests" */;
			buildPhases = (
				EB7CDA322FDC265400DE8E7E /* Sources */,
				EB7CDA332FDC265400DE8E7E /* Frameworks */,
				EB7CDA342FDC265400DE8E7E /* Resources */,
			);
			buildRules = (
			);
			dependencies = (
				EB7CDA382FDC265400DE8E7E /* PBXTargetDependency */,
			);
			name = StudyGuardTests;
			productName = StudyGuardTests;
			productReference = EB7CDA362FDC265400DE8E7E /* StudyGuardTests.xctest */;
			productType = "com.apple.product-type.bundle.unit-test";
		};
		EB7CDA3F2FDC265400DE8E7E /* StudyGuardUITests */ = {
			isa = PBXNativeTarget;
			buildConfigurationList = EB7CDA502FDC265400DE8E7E /* Build configuration list for PBXNativeTarget "StudyGuardUITests" */;
			buildPhases = (
				EB7CDA3C2FDC265400DE8E7E /* Sources */,
				EB7CDA3D2FDC265400DE8E7E /* Frameworks */,
				EB7CDA3E2FDC265400DE8E7E /* Resources */,
			);
			buildRules = (
			);
			dependencies = (
				EB7CDA422FDC265400DE8E7E /* PBXTargetDependency */,
			);
			name = StudyGuardUITests;
			productName = StudyGuardUITests;
			productReference = EB7CDA402FDC265400DE8E7E /* StudyGuardUITests.xctest */;
			productType = "com.apple.product-type.bundle.ui-testing";
		};
/* End PBXNativeTarget section */

/* Begin PBXProject section */
		EB7CDA1E2FDC265100DE8E7E /* Project object */ = {
			isa = PBXProject;
			attributes = {
				BuildIndependentTargetsInParallel = 1;
				LastSwiftUpdateCheck = 1430;
				LastUpgradeCheck = 1430;
				TargetAttributes = {
					EB7CDA252FDC265100DE8E7E = {
						CreatedOnToolsVersion = 14.3.1;
					};
					EB7CDA352FDC265400DE8E7E = {
						CreatedOnToolsVersion = 14.3.1;
						TestTargetID = EB7CDA252FDC265100DE8E7E;
					};
					EB7CDA3F2FDC265400DE8E7E = {
						CreatedOnToolsVersion = 14.3.1;
						TestTargetID = EB7CDA252FDC265100DE8E7E;
					};
				};
			};
			buildConfigurationList = EB7CDA212FDC265100DE8E7E /* Build configuration list for PBXProject "StudyGuard" */;
			compatibilityVersion = "Xcode 14.0";
			developmentRegion = en;
			hasScannedForEncodings = 0;
			knownRegions = (
				en,
				Base,
			);
			mainGroup = EB7CDA1D2FDC265100DE8E7E;
			packageReferences = (
				EB7CDA582FDC3B3500DE8E7E /* XCRemoteSwiftPackageReference "firebase-ios-sdk" */,
				EB7CDA5D2FDC3B8000DE8E7E /* XCRemoteSwiftPackageReference "GoogleSignIn-iOS" */,
			);
			productRefGroup = EB7CDA272FDC265200DE8E7E /* Products */;
			projectDirPath = "";
			projectRoot = "";
			targets = (
				EB7CDA252FDC265100DE8E7E /* StudyGuard */,
				EB7CDA352FDC265400DE8E7E /* StudyGuardTests */,
				EB7CDA3F2FDC265400DE8E7E /* StudyGuardUITests */,
			);
		};
/* End PBXProject section */

/* Begin PBXResourcesBuildPhase section */
		EB7CDA242FDC265100DE8E7E /* Resources */ = {
			isa = PBXResourcesBuildPhase;
			buildActionMask = 2147483647;
			files = (
				EB7CDA572FDC3A4900DE8E7E /* GoogleService-Info.plist in Resources */,
				FB206FDB33ADB71A2FD838AA /* Secrets.plist in Resources */,
				EB7CDA312FDC265400DE8E7E /* Preview Assets.xcassets in Resources */,
				EB7CDA2E2FDC265400DE8E7E /* Assets.xcassets in Resources */,
			);
			runOnlyForDeploymentPostprocessing = 0;
		};
		EB7CDA342FDC265400DE8E7E /* Resources */ = {
			isa = PBXResourcesBuildPhase;
			buildActionMask = 2147483647;
			files = (
			);
			runOnlyForDeploymentPostprocessing = 0;
		};
		EB7CDA3E2FDC265400DE8E7E /* Resources */ = {
			isa = PBXResourcesBuildPhase;
			buildActionMask = 2147483647;
			files = (
			);
			runOnlyForDeploymentPostprocessing = 0;
		};
/* End PBXResourcesBuildPhase section */

/* Begin PBXSourcesBuildPhase section */
		EB7CDA222FDC265100DE8E7E /* Sources */ = {
			isa = PBXSourcesBuildPhase;
			buildActionMask = 2147483647;
			files = (
				EB7CDA2C2FDC265200DE8E7E /* ContentView.swift in Sources */,
				EB7CDA2A2FDC265200DE8E7E /* StudyGuardApp.swift in Sources */,
				EB7CDA552FDC2C0800DE8E7E /* PostureClassifier.mlmodel in Sources */,
				90894B41219019886F59FEBF /* User.swift in Sources */,
				12A26B166B7B4F4B50F76BB0 /* StudySession.swift in Sources */,
				D2B8D537E88A17B00E74B98A /* PostureEvent.swift in Sources */,
				F80F55EA67572ED28171ACCD /* FocusEvent.swift in Sources */,
				24FC58C6476EFFC026D22947 /* FocusSample.swift in Sources */,
				05B39AD61D8377C74113F05C /* BreakExercise.swift in Sources */,
				25CAAC6413061F9A66B823DD /* CameraManager.swift in Sources */,
				714B4D1E1731FE700C733738 /* PostureDetector.swift in Sources */,
				251A17E216BB59EC0AFE5BF4 /* CameraPreviewView.swift in Sources */,
				74263F2C48CDF716CE1E8AD6 /* PostureManager.swift in Sources */,
				9CB8DACB80A30E15270F1844 /* SessionView.swift in Sources */,
				C7E934C252ACA0265B381984 /* FocusDetector.swift in Sources */,
				82A707156A95AFA259E79E59 /* FocusManager.swift in Sources */,
				92CC313D40574169944AFAF4 /* FocusScoreView.swift in Sources */,
				02BCF6E2F86D522F58CC5E64 /* VoiceAlertService.swift in Sources */,
				449AF1AFE2E8D53CA874EF0C /* SessionManager.swift in Sources */,
				E0B8547DFB1771704F630AF5 /* PreSessionSetupView.swift in Sources */,
				AD14026CF98C778B28812E75 /* AuthService.swift in Sources */,
				FC023F1AB6E6916C0E040B6C /* FirebaseService.swift in Sources */,
				E8210928A8316299378E9080 /* LoginView.swift in Sources */,
				E716523AB80EBDC9A0813137 /* RegisterView.swift in Sources */,
				56B9FEE5BD5D3A22F3256872 /* HomeView.swift in Sources */,
				9EF4CFFE83D685DC55192451 /* SessionResult.swift in Sources */,
				C36CC7B60FA8DF14C7DF14EB /* GroqService.swift in Sources */,
				2F65833EACF864312E16FF4B /* ExerciseAPIService.swift in Sources */,
				624C447065E100043973367E /* SessionSummaryView.swift in Sources */,
				03394CF303543D04757ABF03 /* ExerciseCardView.swift in Sources */,
				B4AAB42CBDE584FD7B8A8C4A /* BreakChatView.swift in Sources */,
				CC1B5726E6F197331006766B /* BreakView.swift in Sources */,
			);
			runOnlyForDeploymentPostprocessing = 0;
		};
		EB7CDA322FDC265400DE8E7E /* Sources */ = {
			isa = PBXSourcesBuildPhase;
			buildActionMask = 2147483647;
			files = (
				EB7CDA3B2FDC265400DE8E7E /* StudyGuardTests.swift in Sources */,
			);
			runOnlyForDeploymentPostprocessing = 0;
		};
		EB7CDA3C2FDC265400DE8E7E /* Sources */ = {
			isa = PBXSourcesBuildPhase;
			buildActionMask = 2147483647;
			files = (
				EB7CDA472FDC265400DE8E7E /* StudyGuardUITestsLaunchTests.swift in Sources */,
				EB7CDA452FDC265400DE8E7E /* StudyGuardUITests.swift in Sources */,
			);
			runOnlyForDeploymentPostprocessing = 0;
		};
/* End PBXSourcesBuildPhase section */

/* Begin PBXTargetDependency section */
		EB7CDA382FDC265400DE8E7E /* PBXTargetDependency */ = {
			isa = PBXTargetDependency;
			target = EB7CDA252FDC265100DE8E7E /* StudyGuard */;
			targetProxy = EB7CDA372FDC265400DE8E7E /* PBXContainerItemProxy */;
		};
		EB7CDA422FDC265400DE8E7E /* PBXTargetDependency */ = {
			isa = PBXTargetDependency;
			target = EB7CDA252FDC265100DE8E7E /* StudyGuard */;
			targetProxy = EB7CDA412FDC265400DE8E7E /* PBXContainerItemProxy */;
		};
/* End PBXTargetDependency section */

/* Begin XCBuildConfiguration section */
		EB7CDA482FDC265400DE8E7E /* Debug */ = {
			isa = XCBuildConfiguration;
			buildSettings = {
				ALWAYS_SEARCH_USER_PATHS = NO;
				CLANG_ANALYZER_NONNULL = YES;
				CLANG_ANALYZER_NUMBER_OBJECT_CONVERSION = YES_AGGRESSIVE;
				CLANG_CXX_LANGUAGE_STANDARD = "gnu++20";
				CLANG_ENABLE_MODULES = YES;
				CLANG_ENABLE_OBJC_ARC = YES;
				CLANG_ENABLE_OBJC_WEAK = YES;
				CLANG_WARN_BLOCK_CAPTURE_AUTORELEASING = YES;
				CLANG_WARN_BOOL_CONVERSION = YES;
				CLANG_WARN_COMMA = YES;
				CLANG_WARN_CONSTANT_CONVERSION = YES;
				CLANG_WARN_DEPRECATED_OBJC_IMPLEMENTATIONS = YES;
				CLANG_WARN_DIRECT_OBJC_ISA_USAGE = YES_ERROR;
				CLANG_WARN_DOCUMENTATION_COMMENTS = YES;
				CLANG_WARN_EMPTY_BODY = YES;
				CLANG_WARN_ENUM_CONVERSION = YES;
				CLANG_WARN_INFINITE_RECURSION = YES;
				CLANG_WARN_INT_CONVERSION = YES;
				CLANG_WARN_NON_LITERAL_NULL_CONVERSION = YES;
				CLANG_WARN_OBJC_IMPLICIT_RETAIN_SELF = YES;
				CLANG_WARN_OBJC_LITERAL_CONVERSION = YES;
				CLANG_WARN_OBJC_ROOT_CLASS = YES_ERROR;
				CLANG_WARN_QUOTED_INCLUDE_IN_FRAMEWORK_HEADER = YES;
				CLANG_WARN_RANGE_LOOP_ANALYSIS = YES;
				CLANG_WARN_STRICT_PROTOTYPES = YES;
				CLANG_WARN_SUSPICIOUS_MOVE = YES;
				CLANG_WARN_UNGUARDED_AVAILABILITY = YES_AGGRESSIVE;
				CLANG_WARN_UNREACHABLE_CODE = YES;
				CLANG_WARN__DUPLICATE_METHOD_MATCH = YES;
				COPY_PHASE_STRIP = NO;
				DEBUG_INFORMATION_FORMAT = dwarf;
				ENABLE_STRICT_OBJC_MSGSEND = YES;
				ENABLE_TESTABILITY = YES;
				GCC_C_LANGUAGE_STANDARD = gnu11;
				GCC_DYNAMIC_NO_PIC = NO;
				GCC_NO_COMMON_BLOCKS = YES;
				GCC_OPTIMIZATION_LEVEL = 0;
				GCC_PREPROCESSOR_DEFINITIONS = (
					"DEBUG=1",
					"$(inherited)",
				);
				GCC_WARN_64_TO_32_BIT_CONVERSION = YES;
				GCC_WARN_ABOUT_RETURN_TYPE = YES_ERROR;
				GCC_WARN_UNDECLARED_SELECTOR = YES;
				GCC_WARN_UNINITIALIZED_AUTOS = YES_AGGRESSIVE;
				GCC_WARN_UNUSED_FUNCTION = YES;
				GCC_WARN_UNUSED_VARIABLE = YES;
				IPHONEOS_DEPLOYMENT_TARGET = 16.4;
				MTL_ENABLE_DEBUG_INFO = INCLUDE_SOURCE;
				MTL_FAST_MATH = YES;
				ONLY_ACTIVE_ARCH = YES;
				SDKROOT = iphoneos;
				SWIFT_ACTIVE_COMPILATION_CONDITIONS = DEBUG;
				SWIFT_OPTIMIZATION_LEVEL = "-Onone";
			};
			name = Debug;
		};
		EB7CDA492FDC265400DE8E7E /* Release */ = {
			isa = XCBuildConfiguration;
			buildSettings = {
				ALWAYS_SEARCH_USER_PATHS = NO;
				CLANG_ANALYZER_NONNULL = YES;
				CLANG_ANALYZER_NUMBER_OBJECT_CONVERSION = YES_AGGRESSIVE;
				CLANG_CXX_LANGUAGE_STANDARD = "gnu++20";
				CLANG_ENABLE_MODULES = YES;
				CLANG_ENABLE_OBJC_ARC = YES;
				CLANG_ENABLE_OBJC_WEAK = YES;
				CLANG_WARN_BLOCK_CAPTURE_AUTORELEASING = YES;
				CLANG_WARN_BOOL_CONVERSION = YES;
				CLANG_WARN_COMMA = YES;
				CLANG_WARN_CONSTANT_CONVERSION = YES;
				CLANG_WARN_DEPRECATED_OBJC_IMPLEMENTATIONS = YES;
				CLANG_WARN_DIRECT_OBJC_ISA_USAGE = YES_ERROR;
				CLANG_WARN_DOCUMENTATION_COMMENTS = YES;
				CLANG_WARN_EMPTY_BODY = YES;
				CLANG_WARN_ENUM_CONVERSION = YES;
				CLANG_WARN_INFINITE_RECURSION = YES;
				CLANG_WARN_INT_CONVERSION = YES;
				CLANG_WARN_NON_LITERAL_NULL_CONVERSION = YES;
				CLANG_WARN_OBJC_IMPLICIT_RETAIN_SELF = YES;
				CLANG_WARN_OBJC_LITERAL_CONVERSION = YES;
				CLANG_WARN_OBJC_ROOT_CLASS = YES_ERROR;
				CLANG_WARN_QUOTED_INCLUDE_IN_FRAMEWORK_HEADER = YES;
				CLANG_WARN_RANGE_LOOP_ANALYSIS = YES;
				CLANG_WARN_STRICT_PROTOTYPES = YES;
				CLANG_WARN_SUSPICIOUS_MOVE = YES;
				CLANG_WARN_UNGUARDED_AVAILABILITY = YES_AGGRESSIVE;
				CLANG_WARN_UNREACHABLE_CODE = YES;
				CLANG_WARN__DUPLICATE_METHOD_MATCH = YES;
				COPY_PHASE_STRIP = NO;
				DEBUG_INFORMATION_FORMAT = "dwarf-with-dsym";
				ENABLE_NS_ASSERTIONS = NO;
				ENABLE_STRICT_OBJC_MSGSEND = YES;
				GCC_C_LANGUAGE_STANDARD = gnu11;
				GCC_NO_COMMON_BLOCKS = YES;
				GCC_WARN_64_TO_32_BIT_CONVERSION = YES;
				GCC_WARN_ABOUT_RETURN_TYPE = YES_ERROR;
				GCC_WARN_UNDECLARED_SELECTOR = YES;
				GCC_WARN_UNINITIALIZED_AUTOS = YES_AGGRESSIVE;
				GCC_WARN_UNUSED_FUNCTION = YES;
				GCC_WARN_UNUSED_VARIABLE = YES;
				IPHONEOS_DEPLOYMENT_TARGET = 16.4;
				MTL_ENABLE_DEBUG_INFO = NO;
				MTL_FAST_MATH = YES;
				SDKROOT = iphoneos;
				SWIFT_COMPILATION_MODE = wholemodule;
				SWIFT_OPTIMIZATION_LEVEL = "-O";
				VALIDATE_PRODUCT = YES;
			};
			name = Release;
		};
		EB7CDA4B2FDC265400DE8E7E /* Debug */ = {
			isa = XCBuildConfiguration;
			buildSettings = {
				ASSETCATALOG_COMPILER_APPICON_NAME = AppIcon;
				ASSETCATALOG_COMPILER_GLOBAL_ACCENT_COLOR_NAME = AccentColor;
				CODE_SIGN_STYLE = Automatic;
				CURRENT_PROJECT_VERSION = 1;
				DEVELOPMENT_ASSET_PATHS = "\"StudyGuard/Preview Content\"";
				DEVELOPMENT_TEAM = CT956VYJQ9;
				ENABLE_PREVIEWS = YES;
				GENERATE_INFOPLIST_FILE = YES;
				INFOPLIST_KEY_NSCameraUsageDescription = "StudyGuard menggunakan kamera depan untuk memantau postur dan fokus kamu selama sesi belajar.";
				INFOPLIST_KEY_UIApplicationSceneManifest_Generation = YES;
				INFOPLIST_KEY_UIApplicationSupportsIndirectInputEvents = YES;
				INFOPLIST_KEY_UILaunchScreen_Generation = YES;
				INFOPLIST_KEY_UISupportedInterfaceOrientations_iPad = "UIInterfaceOrientationPortrait UIInterfaceOrientationPortraitUpsideDown UIInterfaceOrientationLandscapeLeft UIInterfaceOrientationLandscapeRight";
				INFOPLIST_KEY_UISupportedInterfaceOrientations_iPhone = "UIInterfaceOrientationPortrait UIInterfaceOrientationLandscapeLeft UIInterfaceOrientationLandscapeRight";
				LD_RUNPATH_SEARCH_PATHS = (
					"$(inherited)",
					"@executable_path/Frameworks",
				);
				MARKETING_VERSION = 1.0;
				PRODUCT_BUNDLE_IDENTIFIER = cn.edu.njxzc.StudyGuard;
				PRODUCT_NAME = "$(TARGET_NAME)";
				SWIFT_EMIT_LOC_STRINGS = YES;
				SWIFT_VERSION = 5.0;
				TARGETED_DEVICE_FAMILY = "1,2";
			};
			name = Debug;
		};
		EB7CDA4C2FDC265400DE8E7E /* Release */ = {
			isa = XCBuildConfiguration;
			buildSettings = {
				ASSETCATALOG_COMPILER_APPICON_NAME = AppIcon;
				ASSETCATALOG_COMPILER_GLOBAL_ACCENT_COLOR_NAME = AccentColor;
				CODE_SIGN_STYLE = Automatic;
				CURRENT_PROJECT_VERSION = 1;
				DEVELOPMENT_ASSET_PATHS = "\"StudyGuard/Preview Content\"";
				DEVELOPMENT_TEAM = CT956VYJQ9;
				ENABLE_PREVIEWS = YES;
				GENERATE_INFOPLIST_FILE = YES;
				INFOPLIST_KEY_NSCameraUsageDescription = "StudyGuard menggunakan kamera depan untuk memantau postur dan fokus kamu selama sesi belajar.";
				INFOPLIST_KEY_UIApplicationSceneManifest_Generation = YES;
				INFOPLIST_KEY_UIApplicationSupportsIndirectInputEvents = YES;
				INFOPLIST_KEY_UILaunchScreen_Generation = YES;
				INFOPLIST_KEY_UISupportedInterfaceOrientations_iPad = "UIInterfaceOrientationPortrait UIInterfaceOrientationPortraitUpsideDown UIInterfaceOrientationLandscapeLeft UIInterfaceOrientationLandscapeRight";
				INFOPLIST_KEY_UISupportedInterfaceOrientations_iPhone = "UIInterfaceOrientationPortrait UIInterfaceOrientationLandscapeLeft UIInterfaceOrientationLandscapeRight";
				LD_RUNPATH_SEARCH_PATHS = (
					"$(inherited)",
					"@executable_path/Frameworks",
				);
				MARKETING_VERSION = 1.0;
				PRODUCT_BUNDLE_IDENTIFIER = cn.edu.njxzc.StudyGuard;
				PRODUCT_NAME = "$(TARGET_NAME)";
				SWIFT_EMIT_LOC_STRINGS = YES;
				SWIFT_VERSION = 5.0;
				TARGETED_DEVICE_FAMILY = "1,2";
			};
			name = Release;
		};
		EB7CDA4E2FDC265400DE8E7E /* Debug */ = {
			isa = XCBuildConfiguration;
			buildSettings = {
				ALWAYS_EMBED_SWIFT_STANDARD_LIBRARIES = YES;
				BUNDLE_LOADER = "$(TEST_HOST)";
				CODE_SIGN_STYLE = Automatic;
				CURRENT_PROJECT_VERSION = 1;
				GENERATE_INFOPLIST_FILE = YES;
				IPHONEOS_DEPLOYMENT_TARGET = 16.4;
				MARKETING_VERSION = 1.0;
				PRODUCT_BUNDLE_IDENTIFIER = cn.edu.njxzc.StudyGuardTests;
				PRODUCT_NAME = "$(TARGET_NAME)";
				SWIFT_EMIT_LOC_STRINGS = NO;
				SWIFT_VERSION = 5.0;
				TARGETED_DEVICE_FAMILY = "1,2";
				TEST_HOST = "$(BUILT_PRODUCTS_DIR)/StudyGuard.app/$(BUNDLE_EXECUTABLE_FOLDER_PATH)/StudyGuard";
			};
			name = Debug;
		};
		EB7CDA4F2FDC265400DE8E7E /* Release */ = {
			isa = XCBuildConfiguration;
			buildSettings = {
				ALWAYS_EMBED_SWIFT_STANDARD_LIBRARIES = YES;
				BUNDLE_LOADER = "$(TEST_HOST)";
				CODE_SIGN_STYLE = Automatic;
				CURRENT_PROJECT_VERSION = 1;
				GENERATE_INFOPLIST_FILE = YES;
				IPHONEOS_DEPLOYMENT_TARGET = 16.4;
				MARKETING_VERSION = 1.0;
				PRODUCT_BUNDLE_IDENTIFIER = cn.edu.njxzc.StudyGuardTests;
				PRODUCT_NAME = "$(TARGET_NAME)";
				SWIFT_EMIT_LOC_STRINGS = NO;
				SWIFT_VERSION = 5.0;
				TARGETED_DEVICE_FAMILY = "1,2";
				TEST_HOST = "$(BUILT_PRODUCTS_DIR)/StudyGuard.app/$(BUNDLE_EXECUTABLE_FOLDER_PATH)/StudyGuard";
			};
			name = Release;
		};
		EB7CDA512FDC265400DE8E7E /* Debug */ = {
			isa = XCBuildConfiguration;
			buildSettings = {
				ALWAYS_EMBED_SWIFT_STANDARD_LIBRARIES = YES;
				CODE_SIGN_STYLE = Automatic;
				CURRENT_PROJECT_VERSION = 1;
				GENERATE_INFOPLIST_FILE = YES;
				MARKETING_VERSION = 1.0;
				PRODUCT_BUNDLE_IDENTIFIER = cn.edu.njxzc.StudyGuardUITests;
				PRODUCT_NAME = "$(TARGET_NAME)";
				SWIFT_EMIT_LOC_STRINGS = NO;
				SWIFT_VERSION = 5.0;
				TARGETED_DEVICE_FAMILY = "1,2";
				TEST_TARGET_NAME = StudyGuard;
			};
			name = Debug;
		};
		EB7CDA522FDC265400DE8E7E /* Release */ = {
			isa = XCBuildConfiguration;
			buildSettings = {
				ALWAYS_EMBED_SWIFT_STANDARD_LIBRARIES = YES;
				CODE_SIGN_STYLE = Automatic;
				CURRENT_PROJECT_VERSION = 1;
				GENERATE_INFOPLIST_FILE = YES;
				MARKETING_VERSION = 1.0;
				PRODUCT_BUNDLE_IDENTIFIER = cn.edu.njxzc.StudyGuardUITests;
				PRODUCT_NAME = "$(TARGET_NAME)";
				SWIFT_EMIT_LOC_STRINGS = NO;
				SWIFT_VERSION = 5.0;
				TARGETED_DEVICE_FAMILY = "1,2";
				TEST_TARGET_NAME = StudyGuard;
			};
			name = Release;
		};
/* End XCBuildConfiguration section */

/* Begin XCConfigurationList section */
		EB7CDA212FDC265100DE8E7E /* Build configuration list for PBXProject "StudyGuard" */ = {
			isa = XCConfigurationList;
			buildConfigurations = (
				EB7CDA482FDC265400DE8E7E /* Debug */,
				EB7CDA492FDC265400DE8E7E /* Release */,
			);
			defaultConfigurationIsVisible = 0;
			defaultConfigurationName = Release;
		};
		EB7CDA4A2FDC265400DE8E7E /* Build configuration list for PBXNativeTarget "StudyGuard" */ = {
			isa = XCConfigurationList;
			buildConfigurations = (
				EB7CDA4B2FDC265400DE8E7E /* Debug */,
				EB7CDA4C2FDC265400DE8E7E /* Release */,
			);
			defaultConfigurationIsVisible = 0;
			defaultConfigurationName = Release;
		};
		EB7CDA4D2FDC265400DE8E7E /* Build configuration list for PBXNativeTarget "StudyGuardTests" */ = {
			isa = XCConfigurationList;
			buildConfigurations = (
				EB7CDA4E2FDC265400DE8E7E /* Debug */,
				EB7CDA4F2FDC265400DE8E7E /* Release */,
			);
			defaultConfigurationIsVisible = 0;
			defaultConfigurationName = Release;
		};
		EB7CDA502FDC265400DE8E7E /* Build configuration list for PBXNativeTarget "StudyGuardUITests" */ = {
			isa = XCConfigurationList;
			buildConfigurations = (
				EB7CDA512FDC265400DE8E7E /* Debug */,
				EB7CDA522FDC265400DE8E7E /* Release */,
			);
			defaultConfigurationIsVisible = 0;
			defaultConfigurationName = Release;
		};
/* End XCConfigurationList section */

/* Begin XCRemoteSwiftPackageReference section */
		EB7CDA582FDC3B3500DE8E7E /* XCRemoteSwiftPackageReference "firebase-ios-sdk" */ = {
			isa = XCRemoteSwiftPackageReference;
			repositoryURL = "https://github.com/firebase/firebase-ios-sdk";
			requirement = {
				kind = exactVersion;
				version = 10.18.0;
			};
		};
		EB7CDA5D2FDC3B8000DE8E7E /* XCRemoteSwiftPackageReference "GoogleSignIn-iOS" */ = {
			isa = XCRemoteSwiftPackageReference;
			repositoryURL = "https://github.com/google/GoogleSignIn-iOS";
			requirement = {
				kind = upToNextMajorVersion;
				minimumVersion = 7.1.0;
			};
		};
/* End XCRemoteSwiftPackageReference section */

/* Begin XCSwiftPackageProductDependency section */
		EB7CDA592FDC3B3500DE8E7E /* FirebaseAuth */ = {
			isa = XCSwiftPackageProductDependency;
			package = EB7CDA582FDC3B3500DE8E7E /* XCRemoteSwiftPackageReference "firebase-ios-sdk" */;
			productName = FirebaseAuth;
		};
		EB7CDA5B2FDC3B3500DE8E7E /* FirebaseFirestore */ = {
			isa = XCSwiftPackageProductDependency;
			package = EB7CDA582FDC3B3500DE8E7E /* XCRemoteSwiftPackageReference "firebase-ios-sdk" */;
			productName = FirebaseFirestore;
		};
		EB7CDA5E2FDC3B8000DE8E7E /* GoogleSignIn */ = {
			isa = XCSwiftPackageProductDependency;
			package = EB7CDA5D2FDC3B8000DE8E7E /* XCRemoteSwiftPackageReference "GoogleSignIn-iOS" */;
			productName = GoogleSignIn;
		};
		EB7CDA602FDC3B8000DE8E7E /* GoogleSignInSwift */ = {
			isa = XCSwiftPackageProductDependency;
			package = EB7CDA5D2FDC3B8000DE8E7E /* XCRemoteSwiftPackageReference "GoogleSignIn-iOS" */;
			productName = GoogleSignInSwift;
		};
/* End XCSwiftPackageProductDependency section */
	};
	rootObject = EB7CDA1E2FDC265100DE8E7E /* Project object */;
}
